
Microsoft Visual Studio Solution File, Format Version 12.00
# Visual Studio Version 17
VisualStudioVersion = 17.9.34616.47
MinimumVisualStudioVersion = 10.0.40219.1
Project("{FAE04EC0-301F-11D3-BF4B-00C04F79EFBC}") = "Clinic_ManagementSystem", "Clinic_ManagementSystem.csproj", "{F133FAE0-1258-4185-9DC0-A224847AA275}"
EndProject
Global
	GlobalSection(SolutionConfigurationPlatforms) = preSolution
		Debug|Any CPU = Debug|Any CPU
		Release|Any CPU = Release|Any CPU
	EndGlobalSection
	GlobalSection(ProjectConfigurationPlatforms) = postSolution
		{F133FAE0-1258-4185-9DC0-A224847AA275}.Debug|Any CPU.ActiveCfg = Debug|Any CPU
		{F133FAE0-1258-4185-9DC0-A224847AA275}.Debug|Any CPU.Build.0 = Debug|Any CPU
		{F133FAE0-1258-4185-9DC0-A224847AA275}.Release|Any CPU.ActiveCfg = Release|Any CPU
		{F133FAE0-1258-4185-9DC0-A224847AA275}.Release|Any CPU.Build.0 = Release|Any CPU
	EndGlobalSection
	GlobalSection(SolutionProperties) = preSolution
		HideSolutionNode = FALSE
	EndGlobalSection
	GlobalSection(ExtensibilityGlobals) = postSolution
		SolutionGuid = {15F54B57-2CA3-452A-8791-2C63D0C06B5B}
	EndGlobalSection
EndGlobal
